
Microsoft Visual Studio Solution File, Format Version 12.00
# Visual Studio 2012
Project("{FAE04EC0-301F-11D3-BF4B-00C04F79EFBC}") = "InterestRateCalculator", "InterestRateCalculator\InterestRateCalculator.csproj", "{504D2B2D-9762-4AA1-BC80-74B431756518}"
EndProject
Project("{FAE04EC0-301F-11D3-BF4B-00C04F79EFBC}") = "InterestRateCalculator.Test", "InterestRateCalculator.Test\InterestRateCalculator.Test.csproj", "{62D349AB-BAAC-4654-93E6-091B1F7BBD18}"
EndProject
Project("{FAE04EC0-301F-11D3-BF4B-00C04F79EFBC}") = "InterestRateCalculator.Console.Host", "InterestRateCalculator.Console.Host\InterestRateCalculator.Console.Host.csproj", "{7FFC7910-55EB-40C2-8E96-DACDEFAF5E10}"
EndProject
Global
	GlobalSection(SolutionConfigurationPlatforms) = preSolution
		Debug|Any CPU = Debug|Any CPU
		Release|Any CPU = Release|Any CPU
	EndGlobalSection
	GlobalSection(ProjectConfigurationPlatforms) = postSolution
		{504D2B2D-9762-4AA1-BC80-74B431756518}.Debug|Any CPU.ActiveCfg = Debug|Any CPU
		{504D2B2D-9762-4AA1-BC80-74B431756518}.Debug|Any CPU.Build.0 = Debug|Any CPU
		{504D2B2D-9762-4AA1-BC80-74B431756518}.Release|Any CPU.ActiveCfg = Release|Any CPU
		{504D2B2D-9762-4AA1-BC80-74B431756518}.Release|Any CPU.Build.0 = Release|Any CPU
		{62D349AB-BAAC-4654-93E6-091B1F7BBD18}.Debug|Any CPU.ActiveCfg = Debug|Any CPU
		{62D349AB-BAAC-4654-93E6-091B1F7BBD18}.Debug|Any CPU.Build.0 = Debug|Any CPU
		{62D349AB-BAAC-4654-93E6-091B1F7BBD18}.Release|Any CPU.ActiveCfg = Release|Any CPU
		{62D349AB-BAAC-4654-93E6-091B1F7BBD18}.Release|Any CPU.Build.0 = Release|Any CPU
		{7FFC7910-55EB-40C2-8E96-DACDEFAF5E10}.Debug|Any CPU.ActiveCfg = Debug|Any CPU
		{7FFC7910-55EB-40C2-8E96-DACDEFAF5E10}.Debug|Any CPU.Build.0 = Debug|Any CPU
		{7FFC7910-55EB-40C2-8E96-DACDEFAF5E10}.Release|Any CPU.ActiveCfg = Release|Any CPU
		{7FFC7910-55EB-40C2-8E96-DACDEFAF5E10}.Release|Any CPU.Build.0 = Release|Any CPU
	EndGlobalSection
EndGlobal
